{
  "name": "vkomic",
  "version": "1.2.5",
  "lockfileVersion": 3,
  "requires": true,
  "packages": {
    "": {
      "name": "vkomic",
      "version": "1.2.5",
      "dependencies": {
        "@tauri-apps/api": "^2.9.1",
        "@tauri-apps/plugin-dialog": "^2.6.0",
        "@tauri-apps/plugin-process": "^2.3.1",
        "@tauri-apps/plugin-shell": "^2.3.4",
        "@tauri-apps/plugin-updater": "^2.9.0",
        "lucide-react": "^0.555.0",
        "react": "^19.2.0",
        "react-dom": "^19.2.0"
      }
    },
    "node_modules/@tauri-apps/api": {
      "version": "2.9.1",
      "resolved": "https://registry.npmjs.org/@tauri-apps/api/-/api-2.9.1.tgz",
      "integrity": "sha512-IGlhP6EivjXHepbBic618GOmiWe4URJiIeZFlB7x3czM0yDHHYviH1Xvoiv4FefdkQtn6v7TuwWCRfOGdnVUGw==",
      "license": "Apache-2.0 OR MIT",
      "funding": {
        "type": "opencollective",
        "url": "https://opencollective.com/tauri"
      }
    },
    "node_modules/@tauri-apps/plugin-dialog": {
      "version": "2.6.0",
      "resolved": "https://registry.npmjs.org/@tauri-apps/plugin-dialog/-/plugin-dialog-2.6.0.tgz",
      "integrity": "sha512-q4Uq3eY87TdcYzXACiYSPhmpBA76shgmQswGkSVio4C82Sz2W4iehe9TnKYwbq7weHiL88Yw19XZm7v28+Micg==",
      "license": "MIT OR Apache-2.0",
      "dependencies": {
        "@tauri-apps/api": "^2.8.0"
      }
    },
    "node_modules/@tauri-apps/plugin-process": {
      "version": "2.3.1",
      "resolved": "https://registry.npmjs.org/@tauri-apps/plugin-process/-/plugin-process-2.3.1.tgz",
      "integrity": "sha512-nCa4fGVaDL/B9ai03VyPOjfAHRHSBz5v6F/ObsB73r/dA3MHHhZtldaDMIc0V/pnUw9ehzr2iEG+XkSEyC0JJA==",
      "license": "MIT OR Apache-2.0",
      "dependencies": {
        "@tauri-apps/api": "^2.8.0"
      }
    },
    "node_modules/@tauri-apps/plugin-shell": {
      "version": "2.3.4",
      "resolved": "https://registry.npmjs.org/@tauri-apps/plugin-shell/-/plugin-shell-2.3.4.tgz",
      "integrity": "sha512-ktsRWf8wHLD17aZEyqE8c5x98eNAuTizR1FSX475zQ4TxaiJnhwksLygQz+AGwckJL5bfEP13nWrlTNQJUpKpA==",
      "license": "MIT OR Apache-2.0",
      "dependencies": {
        "@tauri-apps/api": "^2.8.0"
      }
    },
    "node_modules/@tauri-apps/plugin-updater": {
      "version": "2.9.0",
      "resolved": "https://registry.npmjs.org/@tauri-apps/plugin-updater/-/plugin-updater-2.9.0.tgz",
      "integrity": "sha512-j++sgY8XpeDvzImTrzWA08OqqGqgkNyxczLD7FjNJJx/uXxMZFz5nDcfkyoI/rCjYuj2101Tci/r/HFmOmoxCg==",
      "license": "MIT OR Apache-2.0",
      "dependencies": {
        "@tauri-apps/api": "^2.6.0"
      }
    },
    "node_modules/lucide-react": {
      "version": "0.555.0",
      "resolved": "https://registry.npmjs.org/lucide-react/-/lucide-react-0.555.0.tgz",
      "integrity": "sha512-D8FvHUGbxWBRQM90NZeIyhAvkFfsh3u9ekrMvJ30Z6gnpBHS6HC6ldLg7tL45hwiIz/u66eKDtdA23gwwGsAHA==",
      "license": "ISC",
      "peerDependencies": {
        "react": "^16.5.1 || ^17.0.0 || ^18.0.0 || ^19.0.0"
      }
    },
    "node_modules/react": {
      "version": "19.2.4",
      "resolved": "https://registry.npmjs.org/react/-/react-19.2.4.tgz",
      "integrity": "sha512-9nfp2hYpCwOjAN+8TZFGhtWEwgvWHXqESH8qT89AT/lWklpLON22Lc8pEtnpsZz7VmawabSU0gCjnj8aC0euHQ==",
      "license": "MIT",
      "peer": true,
      "engines": {
        "node": ">=0.10.0"
      }
    },
    "node_modules/react-dom": {
      "version": "19.2.4",
      "resolved": "https://registry.npmjs.org/react-dom/-/react-dom-19.2.4.tgz",
      "integrity": "sha512-AXJdLo8kgMbimY95O2aKQqsz2iWi9jMgKJhRBAxECE4IFxfcazB2LmzloIoibJI3C12IlY20+KFaLv+71bUJeQ==",
      "license": "MIT",
      "dependencies": {
        "scheduler": "^0.27.0"
      },
      "peerDependencies": {
        "react": "^19.2.4"
      }
    },
    "node_modules/scheduler": {
      "version": "0.27.0",
      "resolved": "https://registry.npmjs.org/scheduler/-/scheduler-0.27.0.tgz",
      "integrity": "sha512-eNv+WrVbKu1f3vbYJT/xtiF5syA5HPIMtf9IgY/nKg0sWqzAUEvqY/xm7OcZc/qafLx/iO9FgOmeSAp4v5ti/Q==",
      "license": "MIT"
    }
  }
}
